
Microsoft Visual Studio Solution File, Format Version 12.00
# Visual Studio Version 16
VisualStudioVersion = 16.0.29326.143
MinimumVisualStudioVersion = 10.0.40219.1
Project("{FAE04EC0-301F-11D3-BF4B-00C04F79EFBC}") = "Swat", "Swat.csproj", "{6E33E833-21E4-4B90-AC4B-91430AE536B6}"
EndProject
Project("{FAE04EC0-301F-11D3-BF4B-00C04F79EFBC}") = "Settings", "..\Settings\Settings.csproj", "{EF796018-F0AB-45CD-BFD4-7B9DD80A207C}"
EndProject
Global
	GlobalSection(SolutionConfigurationPlatforms) = preSolution
		Debug|Any CPU = Debug|Any CPU
		Release|Any CPU = Release|Any CPU
	EndGlobalSection
	GlobalSection(ProjectConfigurationPlatforms) = postSolution
		{6E33E833-21E4-4B90-AC4B-91430AE536B6}.Debug|Any CPU.ActiveCfg = Debug|Any CPU
		{6E33E833-21E4-4B90-AC4B-91430AE536B6}.Debug|Any CPU.Build.0 = Debug|Any CPU
		{6E33E833-21E4-4B90-AC4B-91430AE536B6}.Release|Any CPU.ActiveCfg = Release|Any CPU
		{6E33E833-21E4-4B90-AC4B-91430AE536B6}.Release|Any CPU.Build.0 = Release|Any CPU
		{EF796018-F0AB-45CD-BFD4-7B9DD80A207C}.Debug|Any CPU.ActiveCfg = Debug|Any CPU
		{EF796018-F0AB-45CD-BFD4-7B9DD80A207C}.Debug|Any CPU.Build.0 = Debug|Any CPU
		{EF796018-F0AB-45CD-BFD4-7B9DD80A207C}.Release|Any CPU.ActiveCfg = Release|Any CPU
		{EF796018-F0AB-45CD-BFD4-7B9DD80A207C}.Release|Any CPU.Build.0 = Release|Any CPU
	EndGlobalSection
	GlobalSection(SolutionProperties) = preSolution
		HideSolutionNode = FALSE
	EndGlobalSection
	GlobalSection(ExtensibilityGlobals) = postSolution
		SolutionGuid = {81B84779-7D32-4571-A6C0-9B6F849FAD9A}
	EndGlobalSection
EndGlobal
